
Microsoft Visual Studio Solution File, Format Version 12.00
# Visual Studio Version 16
VisualStudioVersion = 16.0.31019.35
MinimumVisualStudioVersion = 10.0.40219.1
Project("{FAE04EC0-301F-11D3-BF4B-00C04F79EFBC}") = "CarpimTablosuOrnegi", "CarpimTablosuOrnegi\CarpimTablosuOrnegi.csproj", "{A2BD3B87-D074-49CD-8958-44EFF59D79AB}"
EndProject
Global
	GlobalSection(SolutionConfigurationPlatforms) = preSolution
		Debug|Any CPU = Debug|Any CPU
		Release|Any CPU = Release|Any CPU
	EndGlobalSection
	GlobalSection(ProjectConfigurationPlatforms) = postSolution
		{A2BD3B87-D074-49CD-8958-44EFF59D79AB}.Debug|Any CPU.ActiveCfg = Debug|Any CPU
		{A2BD3B87-D074-49CD-8958-44EFF59D79AB}.Debug|Any CPU.Build.0 = Debug|Any CPU
		{A2BD3B87-D074-49CD-8958-44EFF59D79AB}.Release|Any CPU.ActiveCfg = Release|Any CPU
		{A2BD3B87-D074-49CD-8958-44EFF59D79AB}.Release|Any CPU.Build.0 = Release|Any CPU
	EndGlobalSection
	GlobalSection(SolutionProperties) = preSolution
		HideSolutionNode = FALSE
	EndGlobalSection
	GlobalSection(ExtensibilityGlobals) = postSolution
		SolutionGuid = {AD0F40DF-E2EF-40E9-AE88-41147E23652D}
	EndGlobalSection
EndGlobal
